{
  "name": "simpleble",
  "lockfileVersion": 3,
  "requires": true,
  "packages": {
    "": {
      "dependencies": {
        "afplay": "^1.0.4"
      }
    },
    "node_modules/afplay": {
      "version": "1.0.4",
      "resolved": "https://registry.npmjs.org/afplay/-/afplay-1.0.4.tgz",
      "integrity": "sha512-DkyoqEJqDbPoZCKY+U/IlZOGeLklavTXIFd2a2T+bqFzNKC6iqEQbkUMP5+mjta4RzgvUv+aHo6sYFW5x0IMxA==",
      "license": "MIT"
    }
  }
}
